
Microsoft Visual Studio Solution File, Format Version 12.00
# Visual Studio 15
VisualStudioVersion = 15.0.27703.1
MinimumVisualStudioVersion = 10.0.40219.1
Project("{FAE04EC0-301F-11D3-BF4B-00C04F79EFBC}") = "Sbn.Products.TTS.Present", "Sbn.Products.TTS.Present\Sbn.Products.TTS.Present.csproj", "{FEE31B48-8BC0-4452-9A59-18C6AD8AAFC8}"
EndProject
Project("{FAE04EC0-301F-11D3-BF4B-00C04F79EFBC}") = "Gma.UserActivityMonitor", "..\Gma.UserActivityMonitor\Gma.UserActivityMonitor.csproj", "{F52AA97E-180A-40ED-8F2B-09080171D6C7}"
EndProject
Project("{FAE04EC0-301F-11D3-BF4B-00C04F79EFBC}") = "GovTTSPresent", "GovTTSPresent\GovTTSPresent.csproj", "{84B54ACF-39F5-49E8-885D-D97745339903}"
EndProject
Project("{FAE04EC0-301F-11D3-BF4B-00C04F79EFBC}") = "DayView", "..\Calendar\DayView\DayView.csproj", "{4A161594-924A-4496-8995-C83FD8FAAD1F}"
EndProject
Project("{FAE04EC0-301F-11D3-BF4B-00C04F79EFBC}") = "ExRichTextBox", "..\ExRichText\ExRichTextBox\ExRichTextBox.csproj", "{1A63B1D0-D2F0-4F8C-B242-863E83E1419C}"
EndProject
Project("{FAE04EC0-301F-11D3-BF4B-00C04F79EFBC}") = "ReceiveFiles", "..\ReceiveFiles\ReceiveFiles\ReceiveFiles.csproj", "{49FADF7B-B738-495A-A37E-DF957D7E7C07}"
EndProject
Project("{FAE04EC0-301F-11D3-BF4B-00C04F79EFBC}") = "SendFiles", "..\SendFiles\SendFiles\SendFiles.csproj", "{CBF95D7D-4376-4B61-89E2-A0168D5AFEF8}"
EndProject
Project("{FAE04EC0-301F-11D3-BF4B-00C04F79EFBC}") = "SbnTCPListener", "..\SbnListener\HTFTcpListener\SbnTCPListener.csproj", "{498922CC-909D-4999-B715-B01373F572BF}"
EndProject
Global
	GlobalSection(SolutionConfigurationPlatforms) = preSolution
		Debug|Any CPU = Debug|Any CPU
		Release|Any CPU = Release|Any CPU
	EndGlobalSection
	GlobalSection(ProjectConfigurationPlatforms) = postSolution
		{FEE31B48-8BC0-4452-9A59-18C6AD8AAFC8}.Debug|Any CPU.ActiveCfg = Debug|Any CPU
		{FEE31B48-8BC0-4452-9A59-18C6AD8AAFC8}.Debug|Any CPU.Build.0 = Debug|Any CPU
		{FEE31B48-8BC0-4452-9A59-18C6AD8AAFC8}.Release|Any CPU.ActiveCfg = Release|Any CPU
		{FEE31B48-8BC0-4452-9A59-18C6AD8AAFC8}.Release|Any CPU.Build.0 = Release|Any CPU
		{F52AA97E-180A-40ED-8F2B-09080171D6C7}.Debug|Any CPU.ActiveCfg = Debug|Any CPU
		{F52AA97E-180A-40ED-8F2B-09080171D6C7}.Debug|Any CPU.Build.0 = Debug|Any CPU
		{F52AA97E-180A-40ED-8F2B-09080171D6C7}.Release|Any CPU.ActiveCfg = Release|Any CPU
		{F52AA97E-180A-40ED-8F2B-09080171D6C7}.Release|Any CPU.Build.0 = Release|Any CPU
		{84B54ACF-39F5-49E8-885D-D97745339903}.Debug|Any CPU.ActiveCfg = Debug|Any CPU
		{84B54ACF-39F5-49E8-885D-D97745339903}.Debug|Any CPU.Build.0 = Debug|Any CPU
		{84B54ACF-39F5-49E8-885D-D97745339903}.Release|Any CPU.ActiveCfg = Release|Any CPU
		{84B54ACF-39F5-49E8-885D-D97745339903}.Release|Any CPU.Build.0 = Release|Any CPU
		{4A161594-924A-4496-8995-C83FD8FAAD1F}.Debug|Any CPU.ActiveCfg = Debug|Any CPU
		{4A161594-924A-4496-8995-C83FD8FAAD1F}.Debug|Any CPU.Build.0 = Debug|Any CPU
		{4A161594-924A-4496-8995-C83FD8FAAD1F}.Release|Any CPU.ActiveCfg = Release|Any CPU
		{4A161594-924A-4496-8995-C83FD8FAAD1F}.Release|Any CPU.Build.0 = Release|Any CPU
		{1A63B1D0-D2F0-4F8C-B242-863E83E1419C}.Debug|Any CPU.ActiveCfg = Debug|Any CPU
		{1A63B1D0-D2F0-4F8C-B242-863E83E1419C}.Debug|Any CPU.Build.0 = Debug|Any CPU
		{1A63B1D0-D2F0-4F8C-B242-863E83E1419C}.Release|Any CPU.ActiveCfg = Release|Any CPU
		{1A63B1D0-D2F0-4F8C-B242-863E83E1419C}.Release|Any CPU.Build.0 = Release|Any CPU
		{49FADF7B-B738-495A-A37E-DF957D7E7C07}.Debug|Any CPU.ActiveCfg = Debug|Any CPU
		{49FADF7B-B738-495A-A37E-DF957D7E7C07}.Debug|Any CPU.Build.0 = Debug|Any CPU
		{49FADF7B-B738-495A-A37E-DF957D7E7C07}.Release|Any CPU.ActiveCfg = Release|Any CPU
		{49FADF7B-B738-495A-A37E-DF957D7E7C07}.Release|Any CPU.Build.0 = Release|Any CPU
		{CBF95D7D-4376-4B61-89E2-A0168D5AFEF8}.Debug|Any CPU.ActiveCfg = Debug|Any CPU
		{CBF95D7D-4376-4B61-89E2-A0168D5AFEF8}.Debug|Any CPU.Build.0 = Debug|Any CPU
		{CBF95D7D-4376-4B61-89E2-A0168D5AFEF8}.Release|Any CPU.ActiveCfg = Release|Any CPU
		{CBF95D7D-4376-4B61-89E2-A0168D5AFEF8}.Release|Any CPU.Build.0 = Release|Any CPU
		{498922CC-909D-4999-B715-B01373F572BF}.Debug|Any CPU.ActiveCfg = Debug|Any CPU
		{498922CC-909D-4999-B715-B01373F572BF}.Debug|Any CPU.Build.0 = Debug|Any CPU
		{498922CC-909D-4999-B715-B01373F572BF}.Release|Any CPU.ActiveCfg = Release|Any CPU
		{498922CC-909D-4999-B715-B01373F572BF}.Release|Any CPU.Build.0 = Release|Any CPU
	EndGlobalSection
	GlobalSection(SolutionProperties) = preSolution
		HideSolutionNode = FALSE
	EndGlobalSection
	GlobalSection(ExtensibilityGlobals) = postSolution
		SolutionGuid = {0BCF5DBF-3E5A-46EB-A85A-B29208CDDAED}
	EndGlobalSection
EndGlobal
