Microsoft Visual Studio Solution File, Format Version 12.00
# Visual Studio 15
VisualStudioVersion = 15.0.27703.1
MinimumVisualStudioVersion = 10.0.40219.1
Project("{FAE04EC0-301F-11D3-BF4B-00C04F79EFBC}") = "ExRichTextBox", "ExRichTextBox\ExRichTextBox.csproj", "{1A63B1D0-D2F0-4F8C-B242-863E83E1419C}"
EndProject
Project("{FAE04EC0-301F-11D3-BF4B-00C04F79EFBC}") = "IMWindow", "IMWindow\IMWindow.csproj", "{D4C249AE-EDA1-4B65-B114-430EBAC971FA}"
EndProject
Project("{FAE04EC0-301F-11D3-BF4B-00C04F79EFBC}") = "RtfInsert", "MiniWordPad\RtfInsert.csproj", "{4893F022-8100-45EE-B65E-14C6E3D9641A}"
EndProject
Global
	GlobalSection(SolutionConfigurationPlatforms) = preSolution
		Debug|Any CPU = Debug|Any CPU
		Release|Any CPU = Release|Any CPU
	EndGlobalSection
	GlobalSection(ProjectConfigurationPlatforms) = postSolution
		{1A63B1D0-D2F0-4F8C-B242-863E83E1419C}.Debug|Any CPU.ActiveCfg = Debug|Any CPU
		{1A63B1D0-D2F0-4F8C-B242-863E83E1419C}.Debug|Any CPU.Build.0 = Debug|Any CPU
		{1A63B1D0-D2F0-4F8C-B242-863E83E1419C}.Release|Any CPU.ActiveCfg = Release|Any CPU
		{1A63B1D0-D2F0-4F8C-B242-863E83E1419C}.Release|Any CPU.Build.0 = Release|Any CPU
		{D4C249AE-EDA1-4B65-B114-430EBAC971FA}.Debug|Any CPU.ActiveCfg = Debug|Any CPU
		{D4C249AE-EDA1-4B65-B114-430EBAC971FA}.Debug|Any CPU.Build.0 = Debug|Any CPU
		{D4C249AE-EDA1-4B65-B114-430EBAC971FA}.Release|Any CPU.ActiveCfg = Release|Any CPU
		{D4C249AE-EDA1-4B65-B114-430EBAC971FA}.Release|Any CPU.Build.0 = Release|Any CPU
		{4893F022-8100-45EE-B65E-14C6E3D9641A}.Debug|Any CPU.ActiveCfg = Debug|Any CPU
		{4893F022-8100-45EE-B65E-14C6E3D9641A}.Debug|Any CPU.Build.0 = Debug|Any CPU
		{4893F022-8100-45EE-B65E-14C6E3D9641A}.Release|Any CPU.ActiveCfg = Release|Any CPU
		{4893F022-8100-45EE-B65E-14C6E3D9641A}.Release|Any CPU.Build.0 = Release|Any CPU
	EndGlobalSection
	GlobalSection(SolutionProperties) = preSolution
		HideSolutionNode = FALSE
	EndGlobalSection
	GlobalSection(ExtensibilityGlobals) = postSolution
		SolutionGuid = {AB1FBE8F-9247-46F9-918A-2024683026F4}
	EndGlobalSection
EndGlobal
